
Microsoft Visual Studio Solution File, Format Version 12.00
# Visual Studio Version 16
VisualStudioVersion = 16.0.29123.88
MinimumVisualStudioVersion = 10.0.40219.1
Project("{FAE04EC0-301F-11D3-BF4B-00C04F79EFBC}") = "speechtest1", "speechtest1\speechtest1.csproj", "{4FD4F1B9-22BE-4932-A5CA-42C539FC30BA}"
EndProject
Global
	GlobalSection(SolutionConfigurationPlatforms) = preSolution
		Debug|Any CPU = Debug|Any CPU
		Release|Any CPU = Release|Any CPU
	EndGlobalSection
	GlobalSection(ProjectConfigurationPlatforms) = postSolution
		{4FD4F1B9-22BE-4932-A5CA-42C539FC30BA}.Debug|Any CPU.ActiveCfg = Debug|Any CPU
		{4FD4F1B9-22BE-4932-A5CA-42C539FC30BA}.Debug|Any CPU.Build.0 = Debug|Any CPU
		{4FD4F1B9-22BE-4932-A5CA-42C539FC30BA}.Release|Any CPU.ActiveCfg = Release|Any CPU
		{4FD4F1B9-22BE-4932-A5CA-42C539FC30BA}.Release|Any CPU.Build.0 = Release|Any CPU
	EndGlobalSection
	GlobalSection(SolutionProperties) = preSolution
		HideSolutionNode = FALSE
	EndGlobalSection
	GlobalSection(ExtensibilityGlobals) = postSolution
		SolutionGuid = {B417168C-4168-428B-9B81-48FFC8C81541}
	EndGlobalSection
EndGlobal
