
Microsoft Visual Studio Solution File, Format Version 12.00
# Visual Studio Version 16
VisualStudioVersion = 16.0.29102.190
MinimumVisualStudioVersion = 10.0.40219.1
Project("{FAE04EC0-301F-11D3-BF4B-00C04F79EFBC}") = "CalculatorWPF", "CalculatorWPF\CalculatorWPF.csproj", "{DC665377-9740-428D-8411-844796158843}"
EndProject
Global
	GlobalSection(SolutionConfigurationPlatforms) = preSolution
		Debug|Any CPU = Debug|Any CPU
		Release|Any CPU = Release|Any CPU
	EndGlobalSection
	GlobalSection(ProjectConfigurationPlatforms) = postSolution
		{DC665377-9740-428D-8411-844796158843}.Debug|Any CPU.ActiveCfg = Debug|Any CPU
		{DC665377-9740-428D-8411-844796158843}.Debug|Any CPU.Build.0 = Debug|Any CPU
		{DC665377-9740-428D-8411-844796158843}.Release|Any CPU.ActiveCfg = Release|Any CPU
		{DC665377-9740-428D-8411-844796158843}.Release|Any CPU.Build.0 = Release|Any CPU
	EndGlobalSection
	GlobalSection(SolutionProperties) = preSolution
		HideSolutionNode = FALSE
	EndGlobalSection
	GlobalSection(ExtensibilityGlobals) = postSolution
		SolutionGuid = {C13E39E7-D015-4DA6-BBF2-1A5AA82BD58F}
	EndGlobalSection
EndGlobal
